// !$*UTF8*$!
{
	archiveVersion = 1;
	classes = {
	};
	objectVersion = 54;
	objects = {

/* Begin PBXBuildFile section */
		27C232382F30ADE400983110 /* localisation.hpp in Headers */ = {isa = PBXBuildFile; fileRef = 27C232372F30ADE400983110 /* localisation.hpp */; };
		27C232392F30ADE400983110 /* localisation.cpp in Sources */ = {isa = PBXBuildFile; fileRef = 27C232362F30ADE400983110 /* localisation.cpp */; };
		27C2323B2F30C0B200983110 /* localisation_translation.hpp in Headers */ = {isa = PBXBuildFile; fileRef = 27C2323A2F30C08C00983110 /* localisation_translation.hpp */; };
		27C2323D2F30C0BF00983110 /* localisation_translation.cpp in Sources */ = {isa = PBXBuildFile; fileRef = 27C2323C2F30C0BB00983110 /* localisation_translation.cpp */; };
		3973743121C17EFE0003807A /* string_utf8_multilang.hpp in Headers */ = {isa = PBXBuildFile; fileRef = 3973742F21C17EFE0003807A /* string_utf8_multilang.hpp */; };
		3973743221C17EFE0003807A /* string_utf8_multilang.cpp in Sources */ = {isa = PBXBuildFile; fileRef = 3973743021C17EFE0003807A /* string_utf8_multilang.cpp */; };
		3973743521C17F1C0003807A /* string_utf8_multilang_tests.cpp in Sources */ = {isa = PBXBuildFile; fileRef = 3973743321C17F160003807A /* string_utf8_multilang_tests.cpp */; };
		39FD273B1CC65B1000AFF551 /* libi18n.a in Frameworks */ = {isa = PBXBuildFile; fileRef = 675341771A3F57BF00A0A8C3 /* libi18n.a */; };
		678338981C6DE59200FD6263 /* get_text_by_id_tests.cpp in Sources */ = {isa = PBXBuildFile; fileRef = 675341021C58C4C9002CF0D9 /* get_text_by_id_tests.cpp */; };
		67AB92EA1B7B3E9100AB5194 /* get_text_by_id.cpp in Sources */ = {isa = PBXBuildFile; fileRef = 67AB92E81B7B3E9100AB5194 /* get_text_by_id.cpp */; };
		67AB92EB1B7B3E9100AB5194 /* get_text_by_id.hpp in Headers */ = {isa = PBXBuildFile; fileRef = 67AB92E91B7B3E9100AB5194 /* get_text_by_id.hpp */; };
		BB421D6C1E8C0031005BFA4D /* transliteration_test.cpp in Sources */ = {isa = PBXBuildFile; fileRef = BB421D6A1E8C0026005BFA4D /* transliteration_test.cpp */; };
		BB537C5F1E8490120074D9D3 /* transliteration.cpp in Sources */ = {isa = PBXBuildFile; fileRef = BB537C5D1E8490120074D9D3 /* transliteration.cpp */; };
		BB537C601E8490120074D9D3 /* transliteration.hpp in Headers */ = {isa = PBXBuildFile; fileRef = BB537C5E1E8490120074D9D3 /* transliteration.hpp */; };
		CE85974F2FC127F200D250DC /* duration.cpp in Sources */ = {isa = PBXBuildFile; fileRef = CE85974E2FC127F200D250DC /* duration.cpp */; };
		CE8597502FC127F200D250DC /* duration.hpp in Headers */ = {isa = PBXBuildFile; fileRef = CE85974D2FC127F200D250DC /* duration.hpp */; };
		CE85975D2FC2004400D250DC /* country_language.hpp in Headers */ = {isa = PBXBuildFile; fileRef = CE85975B2FC2004400D250DC /* country_language.hpp */; };
		CE85975E2FC2004400D250DC /* country_language.cpp in Sources */ = {isa = PBXBuildFile; fileRef = CE85975C2FC2004400D250DC /* country_language.cpp */; };
		ED965B472CDA52DB0049E39E /* duration_tests.cpp in Sources */ = {isa = PBXBuildFile; fileRef = ED965B462CDA4EC00049E39E /* duration_tests.cpp */; };
/* End PBXBuildFile section */

/* Begin PBXFileReference section */
		27C232362F30ADE400983110 /* localisation.cpp */ = {isa = PBXFileReference; lastKnownFileType = sourcecode.cpp.cpp; path = localisation.cpp; sourceTree = "<group>"; };
		27C232372F30ADE400983110 /* localisation.hpp */ = {isa = PBXFileReference; lastKnownFileType = sourcecode.cpp.h; path = localisation.hpp; sourceTree = "<group>"; };
		27C2323A2F30C08C00983110 /* localisation_translation.hpp */ = {isa = PBXFileReference; lastKnownFileType = sourcecode.cpp.h; path = localisation_translation.hpp; sourceTree = "<group>"; };
		27C2323C2F30C0BB00983110 /* localisation_translation.cpp */ = {isa = PBXFileReference; lastKnownFileType = sourcecode.cpp.cpp; path = localisation_translation.cpp; sourceTree = "<group>"; };
		34BA2D6A1DBE169E00FAB345 /* common-debug.xcconfig */ = {isa = PBXFileReference; lastKnownFileType = text.xcconfig; name = "common-debug.xcconfig"; path = "../common-debug.xcconfig"; sourceTree = "<group>"; };
		34BA2D6B1DBE169E00FAB345 /* common-release.xcconfig */ = {isa = PBXFileReference; lastKnownFileType = text.xcconfig; name = "common-release.xcconfig"; path = "../common-release.xcconfig"; sourceTree = "<group>"; };
		3973742F21C17EFE0003807A /* string_utf8_multilang.hpp */ = {isa = PBXFileReference; fileEncoding = 4; lastKnownFileType = sourcecode.cpp.h; path = string_utf8_multilang.hpp; sourceTree = "<group>"; };
		3973743021C17EFE0003807A /* string_utf8_multilang.cpp */ = {isa = PBXFileReference; fileEncoding = 4; lastKnownFileType = sourcecode.cpp.cpp; path = string_utf8_multilang.cpp; sourceTree = "<group>"; };
		3973743321C17F160003807A /* string_utf8_multilang_tests.cpp */ = {isa = PBXFileReference; fileEncoding = 4; lastKnownFileType = sourcecode.cpp.cpp; path = string_utf8_multilang_tests.cpp; sourceTree = "<group>"; };
		39FD27071CC65A7100AFF551 /* i18n_tests.app */ = {isa = PBXFileReference; explicitFileType = wrapper.application; includeInIndex = 0; path = i18n_tests.app; sourceTree = BUILT_PRODUCTS_DIR; };
		675341021C58C4C9002CF0D9 /* get_text_by_id_tests.cpp */ = {isa = PBXFileReference; fileEncoding = 4; lastKnownFileType = sourcecode.cpp.cpp; path = get_text_by_id_tests.cpp; sourceTree = "<group>"; };
		675341771A3F57BF00A0A8C3 /* libi18n.a */ = {isa = PBXFileReference; explicitFileType = archive.ar; includeInIndex = 0; path = libi18n.a; sourceTree = BUILT_PRODUCTS_DIR; };
		67AB92E81B7B3E9100AB5194 /* get_text_by_id.cpp */ = {isa = PBXFileReference; fileEncoding = 4; lastKnownFileType = sourcecode.cpp.cpp; path = get_text_by_id.cpp; sourceTree = "<group>"; };
		67AB92E91B7B3E9100AB5194 /* get_text_by_id.hpp */ = {isa = PBXFileReference; fileEncoding = 4; lastKnownFileType = sourcecode.cpp.h; path = get_text_by_id.hpp; sourceTree = "<group>"; };
		BB421D6A1E8C0026005BFA4D /* transliteration_test.cpp */ = {isa = PBXFileReference; fileEncoding = 4; lastKnownFileType = sourcecode.cpp.cpp; path = transliteration_test.cpp; sourceTree = "<group>"; };
		BB537C5D1E8490120074D9D3 /* transliteration.cpp */ = {isa = PBXFileReference; fileEncoding = 4; lastKnownFileType = sourcecode.cpp.cpp; path = transliteration.cpp; sourceTree = "<group>"; };
		BB537C5E1E8490120074D9D3 /* transliteration.hpp */ = {isa = PBXFileReference; fileEncoding = 4; lastKnownFileType = sourcecode.cpp.h; path = transliteration.hpp; sourceTree = "<group>"; };
		CE85974D2FC127F200D250DC /* duration.hpp */ = {isa = PBXFileReference; lastKnownFileType = sourcecode.cpp.h; path = duration.hpp; sourceTree = "<group>"; };
		CE85974E2FC127F200D250DC /* duration.cpp */ = {isa = PBXFileReference; lastKnownFileType = sourcecode.cpp.cpp; path = duration.cpp; sourceTree = "<group>"; };
		CE85975B2FC2004400D250DC /* country_language.hpp */ = {isa = PBXFileReference; lastKnownFileType = sourcecode.cpp.h; path = country_language.hpp; sourceTree = "<group>"; };
		CE85975C2FC2004400D250DC /* country_language.cpp */ = {isa = PBXFileReference; lastKnownFileType = sourcecode.cpp.cpp; path = country_language.cpp; sourceTree = "<group>"; };
		ED965B462CDA4EC00049E39E /* duration_tests.cpp */ = {isa = PBXFileReference; fileEncoding = 4; lastKnownFileType = sourcecode.cpp.cpp; path = duration_tests.cpp; sourceTree = "<group>"; };
/* End PBXFileReference section */

/* Begin PBXFrameworksBuildPhase section */
		39FD27041CC65A7100AFF551 /* Frameworks */ = {
			isa = PBXFrameworksBuildPhase;
			buildActionMask = 2147483647;
			files = (
				39FD273B1CC65B1000AFF551 /* libi18n.a in Frameworks */,
			);
			runOnlyForDeploymentPostprocessing = 0;
		};
/* End PBXFrameworksBuildPhase section */

/* Begin PBXGroup section */
		39FD26C71CC659D200AFF551 /* i18n_tests */ = {
			isa = PBXGroup;
			children = (
				ED965B462CDA4EC00049E39E /* duration_tests.cpp */,
				675341021C58C4C9002CF0D9 /* get_text_by_id_tests.cpp */,
				3973743321C17F160003807A /* string_utf8_multilang_tests.cpp */,
				BB421D6A1E8C0026005BFA4D /* transliteration_test.cpp */,
			);
			name = i18n_tests;
			path = ../../libs/i18n/i18n_tests;
			sourceTree = "<group>";
		};
		6753416E1A3F57BF00A0A8C3 = {
			isa = PBXGroup;
			children = (
				34BA2D6A1DBE169E00FAB345 /* common-debug.xcconfig */,
				34BA2D6B1DBE169E00FAB345 /* common-release.xcconfig */,
				675341791A3F57BF00A0A8C3 /* i18n */,
				39FD26C71CC659D200AFF551 /* i18n_tests */,
				675341781A3F57BF00A0A8C3 /* Products */,
			);
			indentWidth = 2;
			sourceTree = "<group>";
			tabWidth = 2;
		};
		675341781A3F57BF00A0A8C3 /* Products */ = {
			isa = PBXGroup;
			children = (
				675341771A3F57BF00A0A8C3 /* libi18n.a */,
				39FD27071CC65A7100AFF551 /* i18n_tests.app */,
			);
			name = Products;
			sourceTree = "<group>";
		};
		675341791A3F57BF00A0A8C3 /* i18n */ = {
			isa = PBXGroup;
			children = (
				CE85975B2FC2004400D250DC /* country_language.hpp */,
				CE85975C2FC2004400D250DC /* country_language.cpp */,
				CE85974D2FC127F200D250DC /* duration.hpp */,
				CE85974E2FC127F200D250DC /* duration.cpp */,
				67AB92E91B7B3E9100AB5194 /* get_text_by_id.hpp */,
				67AB92E81B7B3E9100AB5194 /* get_text_by_id.cpp */,
				27C232372F30ADE400983110 /* localisation.hpp */,
				27C232362F30ADE400983110 /* localisation.cpp */,
				27C2323A2F30C08C00983110 /* localisation_translation.hpp */,
				27C2323C2F30C0BB00983110 /* localisation_translation.cpp */,
				3973742F21C17EFE0003807A /* string_utf8_multilang.hpp */,
				3973743021C17EFE0003807A /* string_utf8_multilang.cpp */,
				BB537C5E1E8490120074D9D3 /* transliteration.hpp */,
				BB537C5D1E8490120074D9D3 /* transliteration.cpp */,
			);
			name = i18n;
			path = ../../libs/i18n;
			sourceTree = SOURCE_ROOT;
		};
/* End PBXGroup section */

/* Begin PBXHeadersBuildPhase section */
		675341751A3F57BF00A0A8C3 /* Headers */ = {
			isa = PBXHeadersBuildPhase;
			buildActionMask = 2147483647;
			files = (
				CE85975D2FC2004400D250DC /* country_language.hpp in Headers */,
				27C232382F30ADE400983110 /* localisation.hpp in Headers */,
				27C2323B2F30C0B200983110 /* localisation_translation.hpp in Headers */,
				CE8597502FC127F200D250DC /* duration.hpp in Headers */,
				67AB92EB1B7B3E9100AB5194 /* get_text_by_id.hpp in Headers */,
				3973743121C17EFE0003807A /* string_utf8_multilang.hpp in Headers */,
				BB537C601E8490120074D9D3 /* transliteration.hpp in Headers */,
			);
			runOnlyForDeploymentPostprocessing = 0;
		};
/* End PBXHeadersBuildPhase section */

/* Begin PBXNativeTarget section */
		39FD27061CC65A7100AFF551 /* i18n_tests */ = {
			isa = PBXNativeTarget;
			buildConfigurationList = CE8597562FC1414000D250DC /* Build configuration list for PBXNativeTarget "i18n_tests" */;
			buildPhases = (
				39FD27031CC65A7100AFF551 /* Sources */,
				39FD27041CC65A7100AFF551 /* Frameworks */,
			);
			buildRules = (
			);
			dependencies = (
			);
			name = i18n_tests;
			productName = i18n_tests;
			productReference = 39FD27071CC65A7100AFF551 /* i18n_tests.app */;
			productType = "com.apple.product-type.application";
		};
		675341761A3F57BF00A0A8C3 /* i18n */ = {
			isa = PBXNativeTarget;
			buildConfigurationList = 675341821A3F57BF00A0A8C3 /* Build configuration list for PBXNativeTarget "i18n" */;
			buildPhases = (
				675341731A3F57BF00A0A8C3 /* Sources */,
				675341751A3F57BF00A0A8C3 /* Headers */,
			);
			buildRules = (
			);
			dependencies = (
			);
			name = i18n;
			productName = i18n;
			productReference = 675341771A3F57BF00A0A8C3 /* libi18n.a */;
			productType = "com.apple.product-type.library.static";
		};
/* End PBXNativeTarget section */

/* Begin PBXProject section */
		6753416F1A3F57BF00A0A8C3 /* Project object */ = {
			isa = PBXProject;
			attributes = {
				BuildIndependentTargetsInParallel = YES;
				DefaultBuildSystemTypeForWorkspace = Latest;
				LastUpgradeCheck = 2700;
				TargetAttributes = {
					39FD27061CC65A7100AFF551 = {
						CreatedOnToolsVersion = 7.2.1;
					};
					675341761A3F57BF00A0A8C3 = {
						CreatedOnToolsVersion = 6.1;
					};
				};
			};
			buildConfigurationList = 675341721A3F57BF00A0A8C3 /* Build configuration list for PBXProject "i18n" */;
			compatibilityVersion = "Xcode 12.0";
			developmentRegion = en;
			hasScannedForEncodings = 0;
			knownRegions = (
				en,
				Base,
			);
			mainGroup = 6753416E1A3F57BF00A0A8C3;
			productRefGroup = 675341781A3F57BF00A0A8C3 /* Products */;
			projectDirPath = "";
			projectRoot = "";
			targets = (
				675341761A3F57BF00A0A8C3 /* i18n */,
				39FD27061CC65A7100AFF551 /* i18n_tests */,
			);
		};
/* End PBXProject section */

/* Begin PBXSourcesBuildPhase section */
		39FD27031CC65A7100AFF551 /* Sources */ = {
			isa = PBXSourcesBuildPhase;
			buildActionMask = 2147483647;
			files = (
				ED965B472CDA52DB0049E39E /* duration_tests.cpp in Sources */,
				678338981C6DE59200FD6263 /* get_text_by_id_tests.cpp in Sources */,
				3973743521C17F1C0003807A /* string_utf8_multilang_tests.cpp in Sources */,
				BB421D6C1E8C0031005BFA4D /* transliteration_test.cpp in Sources */,
			);
			runOnlyForDeploymentPostprocessing = 0;
		};
		675341731A3F57BF00A0A8C3 /* Sources */ = {
			isa = PBXSourcesBuildPhase;
			buildActionMask = 2147483647;
			files = (
				27C232392F30ADE400983110 /* localisation.cpp in Sources */,
				27C2323D2F30C0BF00983110 /* localisation_translation.cpp in Sources */,
				CE85974F2FC127F200D250DC /* duration.cpp in Sources */,
				67AB92EA1B7B3E9100AB5194 /* get_text_by_id.cpp in Sources */,
				3973743221C17EFE0003807A /* string_utf8_multilang.cpp in Sources */,
				CE85975E2FC2004400D250DC /* country_language.cpp in Sources */,
				BB537C5F1E8490120074D9D3 /* transliteration.cpp in Sources */,
			);
			runOnlyForDeploymentPostprocessing = 0;
		};
/* End PBXSourcesBuildPhase section */

/* Begin XCBuildConfiguration section */
		675341801A3F57BF00A0A8C3 /* Debug */ = {
			isa = XCBuildConfiguration;
			baseConfigurationReference = 34BA2D6A1DBE169E00FAB345 /* common-debug.xcconfig */;
			buildSettings = {
				GCC_PREPROCESSOR_DEFINITIONS = (
					"$(inherited)",
					UCONFIG_USE_LOCAL,
				);
				HEADER_SEARCH_PATHS = (
					"$(inherited)",
					"$(OMIM_ROOT)/3party/icu",
					"$(OMIM_ROOT)/3party/icu/icu/icu4c/source/common",
					"$(OMIM_ROOT)/3party/icu/icu/icu4c/source/i18n",
				);
			};
			name = Debug;
		};
		675341811A3F57BF00A0A8C3 /* Release */ = {
			isa = XCBuildConfiguration;
			baseConfigurationReference = 34BA2D6B1DBE169E00FAB345 /* common-release.xcconfig */;
			buildSettings = {
				GCC_PREPROCESSOR_DEFINITIONS = (
					"$(inherited)",
					UCONFIG_USE_LOCAL,
				);
				HEADER_SEARCH_PATHS = (
					"$(inherited)",
					"$(OMIM_ROOT)/3party/icu",
					"$(OMIM_ROOT)/3party/icu/icu/icu4c/source/common",
					"$(OMIM_ROOT)/3party/icu/icu/icu4c/source/i18n",
				);
			};
			name = Release;
		};
		675341831A3F57BF00A0A8C3 /* Debug */ = {
			isa = XCBuildConfiguration;
			buildSettings = {
				EXECUTABLE_PREFIX = lib;
				HEADER_SEARCH_PATHS = (
					"$(inherited)",
					"$(OMIM_ROOT)/3party/fast_double_parser/include",
				);
				PRODUCT_NAME = "$(TARGET_NAME)";
			};
			name = Debug;
		};
		675341841A3F57BF00A0A8C3 /* Release */ = {
			isa = XCBuildConfiguration;
			buildSettings = {
				EXECUTABLE_PREFIX = lib;
				HEADER_SEARCH_PATHS = (
					"$(inherited)",
					"$(OMIM_ROOT)/3party/fast_double_parser/include",
				);
				PRODUCT_NAME = "$(TARGET_NAME)";
			};
			name = Release;
		};
		CE8597542FC1413100D250DC /* Debug */ = {
			isa = XCBuildConfiguration;
			buildSettings = {
				COPY_PHASE_STRIP = NO;
				GCC_DYNAMIC_NO_PIC = NO;
				GCC_OPTIMIZATION_LEVEL = 0;
				PRODUCT_NAME = i18n_tests;
			};
			name = Debug;
		};
		CE8597552FC1413100D250DC /* Release */ = {
			isa = XCBuildConfiguration;
			buildSettings = {
				COPY_PHASE_STRIP = YES;
				DEBUG_INFORMATION_FORMAT = "dwarf-with-dsym";
				PRODUCT_NAME = i18n_tests;
			};
			name = Release;
		};
/* End XCBuildConfiguration section */

/* Begin XCConfigurationList section */
		675341721A3F57BF00A0A8C3 /* Build configuration list for PBXProject "i18n" */ = {
			isa = XCConfigurationList;
			buildConfigurations = (
				675341801A3F57BF00A0A8C3 /* Debug */,
				675341811A3F57BF00A0A8C3 /* Release */,
			);
			defaultConfigurationIsVisible = 0;
			defaultConfigurationName = Release;
		};
		675341821A3F57BF00A0A8C3 /* Build configuration list for PBXNativeTarget "i18n" */ = {
			isa = XCConfigurationList;
			buildConfigurations = (
				675341831A3F57BF00A0A8C3 /* Debug */,
				675341841A3F57BF00A0A8C3 /* Release */,
			);
			defaultConfigurationIsVisible = 0;
			defaultConfigurationName = Release;
		};
		CE8597562FC1414000D250DC /* Build configuration list for PBXNativeTarget "i18n_tests" */ = {
			isa = XCConfigurationList;
			buildConfigurations = (
				CE8597542FC1413100D250DC /* Debug */,
				CE8597552FC1413100D250DC /* Release */,
			);
			defaultConfigurationIsVisible = 0;
			defaultConfigurationName = Release;
		};
/* End XCConfigurationList section */
	};
	rootObject = 6753416F1A3F57BF00A0A8C3 /* Project object */;
}
